
Microsoft Visual Studio Solution File, Format Version 12.00
# Visual Studio Version 16
VisualStudioVersion = 16.0.30011.22
MinimumVisualStudioVersion = 10.0.40219.1
Project("{9A19103F-16F7-4668-BE54-9A1E7A4F7556}") = "Kopigi.Utils", "Kopigi.Utils\Kopigi.Utils.csproj", "{6D0EB7A7-668D-4166-9260-42A0C96E1CF5}"
EndProject
Project("{9A19103F-16F7-4668-BE54-9A1E7A4F7556}") = "Kopigi.Utils.Tests", "Kopigi.Utils.Tests\Kopigi.Utils.Tests.csproj", "{D80E3D1F-4770-49CC-9EF9-BB67A4528259}"
EndProject
Global
	GlobalSection(SolutionConfigurationPlatforms) = preSolution
		Debug|Any CPU = Debug|Any CPU
		Debug|ARM = Debug|ARM
		Debug|x64 = Debug|x64
		Debug|x86 = Debug|x86
		Release|Any CPU = Release|Any CPU
		Release|ARM = Release|ARM
		Release|x64 = Release|x64
		Release|x86 = Release|x86
	EndGlobalSection
	GlobalSection(ProjectConfigurationPlatforms) = postSolution
		{6D0EB7A7-668D-4166-9260-42A0C96E1CF5}.Debug|Any CPU.ActiveCfg = Debug|Any CPU
		{6D0EB7A7-668D-4166-9260-42A0C96E1CF5}.Debug|Any CPU.Build.0 = Debug|Any CPU
		{6D0EB7A7-668D-4166-9260-42A0C96E1CF5}.Debug|ARM.ActiveCfg = Debug|Any CPU
		{6D0EB7A7-668D-4166-9260-42A0C96E1CF5}.Debug|ARM.Build.0 = Debug|Any CPU
		{6D0EB7A7-668D-4166-9260-42A0C96E1CF5}.Debug|x64.ActiveCfg = Debug|Any CPU
		{6D0EB7A7-668D-4166-9260-42A0C96E1CF5}.Debug|x64.Build.0 = Debug|Any CPU
		{6D0EB7A7-668D-4166-9260-42A0C96E1CF5}.Debug|x86.ActiveCfg = Debug|Any CPU
		{6D0EB7A7-668D-4166-9260-42A0C96E1CF5}.Debug|x86.Build.0 = Debug|Any CPU
		{6D0EB7A7-668D-4166-9260-42A0C96E1CF5}.Release|Any CPU.ActiveCfg = Release|Any CPU
		{6D0EB7A7-668D-4166-9260-42A0C96E1CF5}.Release|Any CPU.Build.0 = Release|Any CPU
		{6D0EB7A7-668D-4166-9260-42A0C96E1CF5}.Release|ARM.ActiveCfg = Release|Any CPU
		{6D0EB7A7-668D-4166-9260-42A0C96E1CF5}.Release|ARM.Build.0 = Release|Any CPU
		{6D0EB7A7-668D-4166-9260-42A0C96E1CF5}.Release|x64.ActiveCfg = Release|Any CPU
		{6D0EB7A7-668D-4166-9260-42A0C96E1CF5}.Release|x64.Build.0 = Release|Any CPU
		{6D0EB7A7-668D-4166-9260-42A0C96E1CF5}.Release|x86.ActiveCfg = Release|Any CPU
		{6D0EB7A7-668D-4166-9260-42A0C96E1CF5}.Release|x86.Build.0 = Release|Any CPU
		{D80E3D1F-4770-49CC-9EF9-BB67A4528259}.Debug|Any CPU.ActiveCfg = Debug|Any CPU
		{D80E3D1F-4770-49CC-9EF9-BB67A4528259}.Debug|Any CPU.Build.0 = Debug|Any CPU
		{D80E3D1F-4770-49CC-9EF9-BB67A4528259}.Debug|ARM.ActiveCfg = Debug|Any CPU
		{D80E3D1F-4770-49CC-9EF9-BB67A4528259}.Debug|ARM.Build.0 = Debug|Any CPU
		{D80E3D1F-4770-49CC-9EF9-BB67A4528259}.Debug|x64.ActiveCfg = Debug|Any CPU
		{D80E3D1F-4770-49CC-9EF9-BB67A4528259}.Debug|x64.Build.0 = Debug|Any CPU
		{D80E3D1F-4770-49CC-9EF9-BB67A4528259}.Debug|x86.ActiveCfg = Debug|Any CPU
		{D80E3D1F-4770-49CC-9EF9-BB67A4528259}.Debug|x86.Build.0 = Debug|Any CPU
		{D80E3D1F-4770-49CC-9EF9-BB67A4528259}.Release|Any CPU.ActiveCfg = Release|Any CPU
		{D80E3D1F-4770-49CC-9EF9-BB67A4528259}.Release|Any CPU.Build.0 = Release|Any CPU
		{D80E3D1F-4770-49CC-9EF9-BB67A4528259}.Release|ARM.ActiveCfg = Release|Any CPU
		{D80E3D1F-4770-49CC-9EF9-BB67A4528259}.Release|ARM.Build.0 = Release|Any CPU
		{D80E3D1F-4770-49CC-9EF9-BB67A4528259}.Release|x64.ActiveCfg = Release|Any CPU
		{D80E3D1F-4770-49CC-9EF9-BB67A4528259}.Release|x64.Build.0 = Release|Any CPU
		{D80E3D1F-4770-49CC-9EF9-BB67A4528259}.Release|x86.ActiveCfg = Release|Any CPU
		{D80E3D1F-4770-49CC-9EF9-BB67A4528259}.Release|x86.Build.0 = Release|Any CPU
	EndGlobalSection
	GlobalSection(SolutionProperties) = preSolution
		HideSolutionNode = FALSE
	EndGlobalSection
	GlobalSection(ExtensibilityGlobals) = postSolution
		SolutionGuid = {89940788-2548-470F-A838-B24C0BF7A2B9}
	EndGlobalSection
EndGlobal
